
Microsoft Visual Studio Solution File, Format Version 12.00
# Visual Studio Version 16
VisualStudioVersion = 16.0.30907.101
MinimumVisualStudioVersion = 10.0.40219.1
Project("{FAE04EC0-301F-11D3-BF4B-00C04F79EFBC}") = "AuthSystem", "AuthSystem\AuthSystem.csproj", "{B2EDB5F1-C848-497A-9D38-09EA9F81F2AA}"
EndProject
Global
	GlobalSection(SolutionConfigurationPlatforms) = preSolution
		Debug|Any CPU = Debug|Any CPU
		Release|Any CPU = Release|Any CPU
	EndGlobalSection
	GlobalSection(ProjectConfigurationPlatforms) = postSolution
		{B2EDB5F1-C848-497A-9D38-09EA9F81F2AA}.Debug|Any CPU.ActiveCfg = Debug|Any CPU
		{B2EDB5F1-C848-497A-9D38-09EA9F81F2AA}.Debug|Any CPU.Build.0 = Debug|Any CPU
		{B2EDB5F1-C848-497A-9D38-09EA9F81F2AA}.Release|Any CPU.ActiveCfg = Release|Any CPU
		{B2EDB5F1-C848-497A-9D38-09EA9F81F2AA}.Release|Any CPU.Build.0 = Release|Any CPU
	EndGlobalSection
	GlobalSection(SolutionProperties) = preSolution
		HideSolutionNode = FALSE
	EndGlobalSection
	GlobalSection(ExtensibilityGlobals) = postSolution
		SolutionGuid = {6418719C-DD3A-4EF3-8EA8-DDA5B78C6DC3}
	EndGlobalSection
EndGlobal
